
Microsoft Visual Studio Solution File, Format Version 12.00
# Visual Studio Version 16
VisualStudioVersion = 16.0.29201.188
MinimumVisualStudioVersion = 10.0.40219.1
Project("{FAE04EC0-301F-11D3-BF4B-00C04F79EFBC}") = "TitaniumLib", "TitaniumLib\TitaniumLib.csproj", "{FAA46A7C-AA4D-4818-93C8-5CBB3C5B9FEF}"
EndProject
Global
	GlobalSection(SolutionConfigurationPlatforms) = preSolution
		Debug|Any CPU = Debug|Any CPU
		Release|Any CPU = Release|Any CPU
	EndGlobalSection
	GlobalSection(ProjectConfigurationPlatforms) = postSolution
		{FAA46A7C-AA4D-4818-93C8-5CBB3C5B9FEF}.Debug|Any CPU.ActiveCfg = Debug|Any CPU
		{FAA46A7C-AA4D-4818-93C8-5CBB3C5B9FEF}.Debug|Any CPU.Build.0 = Debug|Any CPU
		{FAA46A7C-AA4D-4818-93C8-5CBB3C5B9FEF}.Release|Any CPU.ActiveCfg = Release|Any CPU
		{FAA46A7C-AA4D-4818-93C8-5CBB3C5B9FEF}.Release|Any CPU.Build.0 = Release|Any CPU
	EndGlobalSection
	GlobalSection(SolutionProperties) = preSolution
		HideSolutionNode = FALSE
	EndGlobalSection
	GlobalSection(ExtensibilityGlobals) = postSolution
		SolutionGuid = {C78B1F2A-ABC4-4257-B4C8-E59E665D7423}
	EndGlobalSection
EndGlobal
